
Microsoft Visual Studio Solution File, Format Version 12.00
# Visual Studio Version 17
VisualStudioVersion = 17.6.33723.286
MinimumVisualStudioVersion = 10.0.40219.1
Project("{FAE04EC0-301F-11D3-BF4B-00C04F79EFBC}") = "polekomponent", "polekomponent\polekomponent.csproj", "{FA9C56F3-C5CC-4CFD-883F-4B70AAB27478}"
EndProject
Global
	GlobalSection(SolutionConfigurationPlatforms) = preSolution
		Debug|Any CPU = Debug|Any CPU
		Release|Any CPU = Release|Any CPU
	EndGlobalSection
	GlobalSection(ProjectConfigurationPlatforms) = postSolution
		{FA9C56F3-C5CC-4CFD-883F-4B70AAB27478}.Debug|Any CPU.ActiveCfg = Debug|Any CPU
		{FA9C56F3-C5CC-4CFD-883F-4B70AAB27478}.Debug|Any CPU.Build.0 = Debug|Any CPU
		{FA9C56F3-C5CC-4CFD-883F-4B70AAB27478}.Release|Any CPU.ActiveCfg = Release|Any CPU
		{FA9C56F3-C5CC-4CFD-883F-4B70AAB27478}.Release|Any CPU.Build.0 = Release|Any CPU
	EndGlobalSection
	GlobalSection(SolutionProperties) = preSolution
		HideSolutionNode = FALSE
	EndGlobalSection
	GlobalSection(ExtensibilityGlobals) = postSolution
		SolutionGuid = {32AAB1A4-A9B1-4D12-A1CD-EDFEF99C26E1}
	EndGlobalSection
EndGlobal
